// !$*UTF8*$!
{
	archiveVersion = 1;
	classes = {
	};
	objectVersion = 51;
	objects = {

/* Begin PBXBuildFile section */
		47AD9278887F2DFBB4FA73E2 /* Pods_GooglePlacesAPI_GooglePlacesAPIUITests.framework in Frameworks */ = {isa = PBXBuildFile; fileRef = D09A6634138210CC271D1FB4 /* Pods_GooglePlacesAPI_GooglePlacesAPIUITests.framework */; };
		BEBA07C83BEC0323C4B8140B /* Pods_GooglePlacesAPI.framework in Frameworks */ = {isa = PBXBuildFile; fileRef = 3581531988AF8A5D87E31D36 /* Pods_GooglePlacesAPI.framework */; };
		DE6497F669E14DC6C53875BA /* Pods_GooglePlacesAPITests.framework in Frameworks */ = {isa = PBXBuildFile; fileRef = D06481EFD823329C3B3CF3EA /* Pods_GooglePlacesAPITests.framework */; };
		E4579FE02668D9CF002F0E1B /* AppDelegate.swift in Sources */ = {isa = PBXBuildFile; fileRef = E4579FDF2668D9CF002F0E1B /* AppDelegate.swift */; };
		E4579FE22668D9CF002F0E1B /* SceneDelegate.swift in Sources */ = {isa = PBXBuildFile; fileRef = E4579FE12668D9CF002F0E1B /* SceneDelegate.swift */; };
		E4579FE72668D9CF002F0E1B /* Main.storyboard in Resources */ = {isa = PBXBuildFile; fileRef = E4579FE52668D9CF002F0E1B /* Main.storyboard */; };
		E4579FE92668D9D2002F0E1B /* Assets.xcassets in Resources */ = {isa = PBXBuildFile; fileRef = E4579FE82668D9D2002F0E1B /* Assets.xcassets */; };
		E4579FEC2668D9D2002F0E1B /* LaunchScreen.storyboard in Resources */ = {isa = PBXBuildFile; fileRef = E4579FEA2668D9D2002F0E1B /* LaunchScreen.storyboard */; };
		E4579FF72668D9D2002F0E1B /* GooglePlacesAPITests.swift in Sources */ = {isa = PBXBuildFile; fileRef = E4579FF62668D9D2002F0E1B /* GooglePlacesAPITests.swift */; };
		E457A0022668D9D2002F0E1B /* GooglePlacesAPIUITests.swift in Sources */ = {isa = PBXBuildFile; fileRef = E457A0012668D9D2002F0E1B /* GooglePlacesAPIUITests.swift */; };
		E457A0222668DCFB002F0E1B /* GoogleAutocompleteVC.swift in Sources */ = {isa = PBXBuildFile; fileRef = E457A0212668DCFB002F0E1B /* GoogleAutocompleteVC.swift */; };
		E457A0402668F747002F0E1B /* AppConstants.swift in Sources */ = {isa = PBXBuildFile; fileRef = E457A03F2668F747002F0E1B /* AppConstants.swift */; };
		E457A0492668F7CE002F0E1B /* GoogleAutocompleteVM.swift in Sources */ = {isa = PBXBuildFile; fileRef = E457A0482668F7CE002F0E1B /* GoogleAutocompleteVM.swift */; };
		E457A04E2668FD72002F0E1B /* RootViewController.swift in Sources */ = {isa = PBXBuildFile; fileRef = E457A04D2668FD72002F0E1B /* RootViewController.swift */; };
		E457A05726690022002F0E1B /* UIView+.swift in Sources */ = {isa = PBXBuildFile; fileRef = E457A05626690022002F0E1B /* UIView+.swift */; };
		E457A05C266900FF002F0E1B /* UIViewController+.swift in Sources */ = {isa = PBXBuildFile; fileRef = E457A05B266900FF002F0E1B /* UIViewController+.swift */; };
		E457A06126690B5C002F0E1B /* UITextField+.swift in Sources */ = {isa = PBXBuildFile; fileRef = E457A06026690B5C002F0E1B /* UITextField+.swift */; };
		E457A06626690E00002F0E1B /* Constraints.swift in Sources */ = {isa = PBXBuildFile; fileRef = E457A06526690E00002F0E1B /* Constraints.swift */; };
		E457A07526691724002F0E1B /* APIHandler.swift in Sources */ = {isa = PBXBuildFile; fileRef = E457A07426691724002F0E1B /* APIHandler.swift */; };
		E457A07A26691C8C002F0E1B /* URLSession+.swift in Sources */ = {isa = PBXBuildFile; fileRef = E457A07926691C8B002F0E1B /* URLSession+.swift */; };
		E457A08026691CC1002F0E1B /* Prediction.swift in Sources */ = {isa = PBXBuildFile; fileRef = E457A07F26691CC1002F0E1B /* Prediction.swift */; };
		E457A089266923BF002F0E1B /* PredictionView.swift in Sources */ = {isa = PBXBuildFile; fileRef = E457A088266923BF002F0E1B /* PredictionView.swift */; };
		E457A08E2669258E002F0E1B /* UIStackView+.swift in Sources */ = {isa = PBXBuildFile; fileRef = E457A08D2669258E002F0E1B /* UIStackView+.swift */; };
		E457A093266931E3002F0E1B /* PredictionViewVM.swift in Sources */ = {isa = PBXBuildFile; fileRef = E457A092266931E3002F0E1B /* PredictionViewVM.swift */; };
/* End PBXBuildFile section */

/* Begin PBXContainerItemProxy section */
		E4579FF32668D9D2002F0E1B /* PBXContainerItemProxy */ = {
			isa = PBXContainerItemProxy;
			containerPortal = E4579FD42668D9CE002F0E1B /* Project object */;
			proxyType = 1;
			remoteGlobalIDString = E4579FDB2668D9CF002F0E1B;
			remoteInfo = GooglePlacesAPI;
		};
		E4579FFE2668D9D2002F0E1B /* PBXContainerItemProxy */ = {
			isa = PBXContainerItemProxy;
			containerPortal = E4579FD42668D9CE002F0E1B /* Project object */;
			proxyType = 1;
			remoteGlobalIDString = E4579FDB2668D9CF002F0E1B;
			remoteInfo = GooglePlacesAPI;
		};
/* End PBXContainerItemProxy section */

/* Begin PBXFileReference section */
		085E55CF07B142EDB7A1AA8D /* Pods-GooglePlacesAPITests.release.xcconfig */ = {isa = PBXFileReference; includeInIndex = 1; lastKnownFileType = text.xcconfig; name = "Pods-GooglePlacesAPITests.release.xcconfig"; path = "Target Support Files/Pods-GooglePlacesAPITests/Pods-GooglePlacesAPITests.release.xcconfig"; sourceTree = "<group>"; };
		3581531988AF8A5D87E31D36 /* Pods_GooglePlacesAPI.framework */ = {isa = PBXFileReference; explicitFileType = wrapper.framework; includeInIndex = 0; path = Pods_GooglePlacesAPI.framework; sourceTree = BUILT_PRODUCTS_DIR; };
		45CAAC79642D3E6857676F07 /* Pods-GooglePlacesAPI.release.xcconfig */ = {isa = PBXFileReference; includeInIndex = 1; lastKnownFileType = text.xcconfig; name = "Pods-GooglePlacesAPI.release.xcconfig"; path = "Target Support Files/Pods-GooglePlacesAPI/Pods-GooglePlacesAPI.release.xcconfig"; sourceTree = "<group>"; };
		AD2DC050DE3669068274AFFF /* Pods-GooglePlacesAPITests.debug.xcconfig */ = {isa = PBXFileReference; includeInIndex = 1; lastKnownFileType = text.xcconfig; name = "Pods-GooglePlacesAPITests.debug.xcconfig"; path = "Target Support Files/Pods-GooglePlacesAPITests/Pods-GooglePlacesAPITests.debug.xcconfig"; sourceTree = "<group>"; };
		AE4265013BCD23CFE7C96407 /* Pods-GooglePlacesAPI-GooglePlacesAPIUITests.debug.xcconfig */ = {isa = PBXFileReference; includeInIndex = 1; lastKnownFileType = text.xcconfig; name = "Pods-GooglePlacesAPI-GooglePlacesAPIUITests.debug.xcconfig"; path = "Target Support Files/Pods-GooglePlacesAPI-GooglePlacesAPIUITests/Pods-GooglePlacesAPI-GooglePlacesAPIUITests.debug.xcconfig"; sourceTree = "<group>"; };
		D06481EFD823329C3B3CF3EA /* Pods_GooglePlacesAPITests.framework */ = {isa = PBXFileReference; explicitFileType = wrapper.framework; includeInIndex = 0; path = Pods_GooglePlacesAPITests.framework; sourceTree = BUILT_PRODUCTS_DIR; };
		D09A6634138210CC271D1FB4 /* Pods_GooglePlacesAPI_GooglePlacesAPIUITests.framework */ = {isa = PBXFileReference; explicitFileType = wrapper.framework; includeInIndex = 0; path = Pods_GooglePlacesAPI_GooglePlacesAPIUITests.framework; sourceTree = BUILT_PRODUCTS_DIR; };
		DC82BA2B26582097F4BBED3F /* Pods-GooglePlacesAPI-GooglePlacesAPIUITests.release.xcconfig */ = {isa = PBXFileReference; includeInIndex = 1; lastKnownFileType = text.xcconfig; name = "Pods-GooglePlacesAPI-GooglePlacesAPIUITests.release.xcconfig"; path = "Target Support Files/Pods-GooglePlacesAPI-GooglePlacesAPIUITests/Pods-GooglePlacesAPI-GooglePlacesAPIUITests.release.xcconfig"; sourceTree = "<group>"; };
		E4579FDC2668D9CF002F0E1B /* GooglePlacesAPI.app */ = {isa = PBXFileReference; explicitFileType = wrapper.application; includeInIndex = 0; path = GooglePlacesAPI.app; sourceTree = BUILT_PRODUCTS_DIR; };
		E4579FDF2668D9CF002F0E1B /* AppDelegate.swift */ = {isa = PBXFileReference; lastKnownFileType = sourcecode.swift; path = AppDelegate.swift; sourceTree = "<group>"; };
		E4579FE12668D9CF002F0E1B /* SceneDelegate.swift */ = {isa = PBXFileReference; lastKnownFileType = sourcecode.swift; path = SceneDelegate.swift; sourceTree = "<group>"; };
		E4579FE62668D9CF002F0E1B /* Base */ = {isa = PBXFileReference; lastKnownFileType = file.storyboard; name = Base; path = Base.lproj/Main.storyboard; sourceTree = "<group>"; };
		E4579FE82668D9D2002F0E1B /* Assets.xcassets */ = {isa = PBXFileReference; lastKnownFileType = folder.assetcatalog; path = Assets.xcassets; sourceTree = "<group>"; };
		E4579FEB2668D9D2002F0E1B /* Base */ = {isa = PBXFileReference; lastKnownFileType = file.storyboard; name = Base; path = Base.lproj/LaunchScreen.storyboard; sourceTree = "<group>"; };
		E4579FED2668D9D2002F0E1B /* Info.plist */ = {isa = PBXFileReference; lastKnownFileType = text.plist.xml; path = Info.plist; sourceTree = "<group>"; };
		E4579FF22668D9D2002F0E1B /* GooglePlacesAPITests.xctest */ = {isa = PBXFileReference; explicitFileType = wrapper.cfbundle; includeInIndex = 0; path = GooglePlacesAPITests.xctest; sourceTree = BUILT_PRODUCTS_DIR; };
		E4579FF62668D9D2002F0E1B /* GooglePlacesAPITests.swift */ = {isa = PBXFileReference; lastKnownFileType = sourcecode.swift; path = GooglePlacesAPITests.swift; sourceTree = "<group>"; };
		E4579FF82668D9D2002F0E1B /* Info.plist */ = {isa = PBXFileReference; lastKnownFileType = text.plist.xml; path = Info.plist; sourceTree = "<group>"; };
		E4579FFD2668D9D2002F0E1B /* GooglePlacesAPIUITests.xctest */ = {isa = PBXFileReference; explicitFileType = wrapper.cfbundle; includeInIndex = 0; path = GooglePlacesAPIUITests.xctest; sourceTree = BUILT_PRODUCTS_DIR; };
		E457A0012668D9D2002F0E1B /* GooglePlacesAPIUITests.swift */ = {isa = PBXFileReference; lastKnownFileType = sourcecode.swift; path = GooglePlacesAPIUITests.swift; sourceTree = "<group>"; };
		E457A0032668D9D2002F0E1B /* Info.plist */ = {isa = PBXFileReference; lastKnownFileType = text.plist.xml; path = Info.plist; sourceTree = "<group>"; };
		E457A0212668DCFB002F0E1B /* GoogleAutocompleteVC.swift */ = {isa = PBXFileReference; lastKnownFileType = sourcecode.swift; path = GoogleAutocompleteVC.swift; sourceTree = "<group>"; };
		E457A03F2668F747002F0E1B /* AppConstants.swift */ = {isa = PBXFileReference; lastKnownFileType = sourcecode.swift; path = AppConstants.swift; sourceTree = "<group>"; };
		E457A0482668F7CE002F0E1B /* GoogleAutocompleteVM.swift */ = {isa = PBXFileReference; lastKnownFileType = sourcecode.swift; path = GoogleAutocompleteVM.swift; sourceTree = "<group>"; };
		E457A04D2668FD72002F0E1B /* RootViewController.swift */ = {isa = PBXFileReference; lastKnownFileType = sourcecode.swift; path = RootViewController.swift; sourceTree = "<group>"; };
		E457A05626690022002F0E1B /* UIView+.swift */ = {isa = PBXFileReference; lastKnownFileType = sourcecode.swift; path = "UIView+.swift"; sourceTree = "<group>"; };
		E457A05B266900FF002F0E1B /* UIViewController+.swift */ = {isa = PBXFileReference; lastKnownFileType = sourcecode.swift; path = "UIViewController+.swift"; sourceTree = "<group>"; };
		E457A06026690B5C002F0E1B /* UITextField+.swift */ = {isa = PBXFileReference; lastKnownFileType = sourcecode.swift; path = "UITextField+.swift"; sourceTree = "<group>"; };
		E457A06526690E00002F0E1B /* Constraints.swift */ = {isa = PBXFileReference; lastKnownFileType = sourcecode.swift; path = Constraints.swift; sourceTree = "<group>"; };
		E457A07426691724002F0E1B /* APIHandler.swift */ = {isa = PBXFileReference; lastKnownFileType = sourcecode.swift; path = APIHandler.swift; sourceTree = "<group>"; };
		E457A07926691C8B002F0E1B /* URLSession+.swift */ = {isa = PBXFileReference; lastKnownFileType = sourcecode.swift; path = "URLSession+.swift"; sourceTree = "<group>"; };
		E457A07F26691CC1002F0E1B /* Prediction.swift */ = {isa = PBXFileReference; lastKnownFileType = sourcecode.swift; path = Prediction.swift; sourceTree = "<group>"; };
		E457A088266923BF002F0E1B /* PredictionView.swift */ = {isa = PBXFileReference; lastKnownFileType = sourcecode.swift; path = PredictionView.swift; sourceTree = "<group>"; };
		E457A08D2669258E002F0E1B /* UIStackView+.swift */ = {isa = PBXFileReference; lastKnownFileType = sourcecode.swift; path = "UIStackView+.swift"; sourceTree = "<group>"; };
		E457A092266931E3002F0E1B /* PredictionViewVM.swift */ = {isa = PBXFileReference; lastKnownFileType = sourcecode.swift; path = PredictionViewVM.swift; sourceTree = "<group>"; };
		F97A8285C5A7D7D2B110F42D /* Pods-GooglePlacesAPI.debug.xcconfig */ = {isa = PBXFileReference; includeInIndex = 1; lastKnownFileType = text.xcconfig; name = "Pods-GooglePlacesAPI.debug.xcconfig"; path = "Target Support Files/Pods-GooglePlacesAPI/Pods-GooglePlacesAPI.debug.xcconfig"; sourceTree = "<group>"; };
/* End PBXFileReference section */

/* Begin PBXFrameworksBuildPhase section */
		E4579FD92668D9CF002F0E1B /* Frameworks */ = {
			isa = PBXFrameworksBuildPhase;
			buildActionMask = 2147483647;
			files = (
				BEBA07C83BEC0323C4B8140B /* Pods_GooglePlacesAPI.framework in Frameworks */,
			);
			runOnlyForDeploymentPostprocessing = 0;
		};
		E4579FEF2668D9D2002F0E1B /* Frameworks */ = {
			isa = PBXFrameworksBuildPhase;
			buildActionMask = 2147483647;
			files = (
				DE6497F669E14DC6C53875BA /* Pods_GooglePlacesAPITests.framework in Frameworks */,
			);
			runOnlyForDeploymentPostprocessing = 0;
		};
		E4579FFA2668D9D2002F0E1B /* Frameworks */ = {
			isa = PBXFrameworksBuildPhase;
			buildActionMask = 2147483647;
			files = (
				47AD9278887F2DFBB4FA73E2 /* Pods_GooglePlacesAPI_GooglePlacesAPIUITests.framework in Frameworks */,
			);
			runOnlyForDeploymentPostprocessing = 0;
		};
/* End PBXFrameworksBuildPhase section */

/* Begin PBXGroup section */
		55BEBE62F9C51076A1AFBD1C /* Pods */ = {
			isa = PBXGroup;
			children = (
				F97A8285C5A7D7D2B110F42D /* Pods-GooglePlacesAPI.debug.xcconfig */,
				45CAAC79642D3E6857676F07 /* Pods-GooglePlacesAPI.release.xcconfig */,
				AE4265013BCD23CFE7C96407 /* Pods-GooglePlacesAPI-GooglePlacesAPIUITests.debug.xcconfig */,
				DC82BA2B26582097F4BBED3F /* Pods-GooglePlacesAPI-GooglePlacesAPIUITests.release.xcconfig */,
				AD2DC050DE3669068274AFFF /* Pods-GooglePlacesAPITests.debug.xcconfig */,
				085E55CF07B142EDB7A1AA8D /* Pods-GooglePlacesAPITests.release.xcconfig */,
			);
			path = Pods;
			sourceTree = "<group>";
		};
		90669728808183BF126D4D92 /* Frameworks */ = {
			isa = PBXGroup;
			children = (
				3581531988AF8A5D87E31D36 /* Pods_GooglePlacesAPI.framework */,
				D09A6634138210CC271D1FB4 /* Pods_GooglePlacesAPI_GooglePlacesAPIUITests.framework */,
				D06481EFD823329C3B3CF3EA /* Pods_GooglePlacesAPITests.framework */,
			);
			name = Frameworks;
			sourceTree = "<group>";
		};
		E4579FD32668D9CE002F0E1B = {
			isa = PBXGroup;
			children = (
				E4579FDE2668D9CF002F0E1B /* GooglePlacesAPI */,
				E4579FF52668D9D2002F0E1B /* GooglePlacesAPITests */,
				E457A0002668D9D2002F0E1B /* GooglePlacesAPIUITests */,
				E4579FDD2668D9CF002F0E1B /* Products */,
				55BEBE62F9C51076A1AFBD1C /* Pods */,
				90669728808183BF126D4D92 /* Frameworks */,
			);
			sourceTree = "<group>";
		};
		E4579FDD2668D9CF002F0E1B /* Products */ = {
			isa = PBXGroup;
			children = (
				E4579FDC2668D9CF002F0E1B /* GooglePlacesAPI.app */,
				E4579FF22668D9D2002F0E1B /* GooglePlacesAPITests.xctest */,
				E4579FFD2668D9D2002F0E1B /* GooglePlacesAPIUITests.xctest */,
			);
			name = Products;
			sourceTree = "<group>";
		};
		E4579FDE2668D9CF002F0E1B /* GooglePlacesAPI */ = {
			isa = PBXGroup;
			children = (
				E457A07E26691CB0002F0E1B /* Models */,
				E457A0732669170B002F0E1B /* APIHandler */,
				E457A072266916B4002F0E1B /* CommonViews */,
				E457A0182668DCAB002F0E1B /* GoogleAutoCompleteModule */,
				E457A03E2668F718002F0E1B /* CommonModule */,
				E4579FDF2668D9CF002F0E1B /* AppDelegate.swift */,
				E4579FE12668D9CF002F0E1B /* SceneDelegate.swift */,
				E4579FE52668D9CF002F0E1B /* Main.storyboard */,
				E4579FE82668D9D2002F0E1B /* Assets.xcassets */,
				E4579FEA2668D9D2002F0E1B /* LaunchScreen.storyboard */,
				E4579FED2668D9D2002F0E1B /* Info.plist */,
				E457A04D2668FD72002F0E1B /* RootViewController.swift */,
			);
			path = GooglePlacesAPI;
			sourceTree = "<group>";
		};
		E4579FF52668D9D2002F0E1B /* GooglePlacesAPITests */ = {
			isa = PBXGroup;
			children = (
				E4579FF62668D9D2002F0E1B /* GooglePlacesAPITests.swift */,
				E4579FF82668D9D2002F0E1B /* Info.plist */,
			);
			path = GooglePlacesAPITests;
			sourceTree = "<group>";
		};
		E457A0002668D9D2002F0E1B /* GooglePlacesAPIUITests */ = {
			isa = PBXGroup;
			children = (
				E457A0012668D9D2002F0E1B /* GooglePlacesAPIUITests.swift */,
				E457A0032668D9D2002F0E1B /* Info.plist */,
			);
			path = GooglePlacesAPIUITests;
			sourceTree = "<group>";
		};
		E457A0182668DCAB002F0E1B /* GoogleAutoCompleteModule */ = {
			isa = PBXGroup;
			children = (
				E457A0472668F7BC002F0E1B /* ViewModel */,
				E457A0202668DCE8002F0E1B /* Controller */,
			);
			path = GoogleAutoCompleteModule;
			sourceTree = "<group>";
		};
		E457A0202668DCE8002F0E1B /* Controller */ = {
			isa = PBXGroup;
			children = (
				E457A0212668DCFB002F0E1B /* GoogleAutocompleteVC.swift */,
			);
			path = Controller;
			sourceTree = "<group>";
		};
		E457A03E2668F718002F0E1B /* CommonModule */ = {
			isa = PBXGroup;
			children = (
				E457A0552669000B002F0E1B /* Extensions */,
				E457A03F2668F747002F0E1B /* AppConstants.swift */,
				E457A06526690E00002F0E1B /* Constraints.swift */,
			);
			path = CommonModule;
			sourceTree = "<group>";
		};
		E457A0472668F7BC002F0E1B /* ViewModel */ = {
			isa = PBXGroup;
			children = (
				E457A0482668F7CE002F0E1B /* GoogleAutocompleteVM.swift */,
			);
			path = ViewModel;
			sourceTree = "<group>";
		};
		E457A0552669000B002F0E1B /* Extensions */ = {
			isa = PBXGroup;
			children = (
				E457A05626690022002F0E1B /* UIView+.swift */,
				E457A05B266900FF002F0E1B /* UIViewController+.swift */,
				E457A06026690B5C002F0E1B /* UITextField+.swift */,
				E457A07926691C8B002F0E1B /* URLSession+.swift */,
				E457A08D2669258E002F0E1B /* UIStackView+.swift */,
			);
			path = Extensions;
			sourceTree = "<group>";
		};
		E457A072266916B4002F0E1B /* CommonViews */ = {
			isa = PBXGroup;
			children = (
				E457A087266923AE002F0E1B /* PredictionView */,
			);
			path = CommonViews;
			sourceTree = "<group>";
		};
		E457A0732669170B002F0E1B /* APIHandler */ = {
			isa = PBXGroup;
			children = (
				E457A07426691724002F0E1B /* APIHandler.swift */,
			);
			path = APIHandler;
			sourceTree = "<group>";
		};
		E457A07E26691CB0002F0E1B /* Models */ = {
			isa = PBXGroup;
			children = (
				E457A07F26691CC1002F0E1B /* Prediction.swift */,
			);
			path = Models;
			sourceTree = "<group>";
		};
		E457A087266923AE002F0E1B /* PredictionView */ = {
			isa = PBXGroup;
			children = (
				E457A088266923BF002F0E1B /* PredictionView.swift */,
				E457A092266931E3002F0E1B /* PredictionViewVM.swift */,
			);
			path = PredictionView;
			sourceTree = "<group>";
		};
/* End PBXGroup section */

/* Begin PBXNativeTarget section */
		E4579FDB2668D9CF002F0E1B /* GooglePlacesAPI */ = {
			isa = PBXNativeTarget;
			buildConfigurationList = E457A0062668D9D2002F0E1B /* Build configuration list for PBXNativeTarget "GooglePlacesAPI" */;
			buildPhases = (
				41E22BC40ED4DC49959974BD /* [CP] Check Pods Manifest.lock */,
				E4579FD82668D9CF002F0E1B /* Sources */,
				E4579FD92668D9CF002F0E1B /* Frameworks */,
				E4579FDA2668D9CF002F0E1B /* Resources */,
			);
			buildRules = (
			);
			dependencies = (
			);
			name = GooglePlacesAPI;
			productName = GooglePlacesAPI;
			productReference = E4579FDC2668D9CF002F0E1B /* GooglePlacesAPI.app */;
			productType = "com.apple.product-type.application";
		};
		E4579FF12668D9D2002F0E1B /* GooglePlacesAPITests */ = {
			isa = PBXNativeTarget;
			buildConfigurationList = E457A0092668D9D2002F0E1B /* Build configuration list for PBXNativeTarget "GooglePlacesAPITests" */;
			buildPhases = (
				0794C366D4760C4AC48E6CC1 /* [CP] Check Pods Manifest.lock */,
				E4579FEE2668D9D2002F0E1B /* Sources */,
				E4579FEF2668D9D2002F0E1B /* Frameworks */,
				E4579FF02668D9D2002F0E1B /* Resources */,
			);
			buildRules = (
			);
			dependencies = (
				E4579FF42668D9D2002F0E1B /* PBXTargetDependency */,
			);
			name = GooglePlacesAPITests;
			productName = GooglePlacesAPITests;
			productReference = E4579FF22668D9D2002F0E1B /* GooglePlacesAPITests.xctest */;
			productType = "com.apple.product-type.bundle.unit-test";
		};
		E4579FFC2668D9D2002F0E1B /* GooglePlacesAPIUITests */ = {
			isa = PBXNativeTarget;
			buildConfigurationList = E457A00C2668D9D2002F0E1B /* Build configuration list for PBXNativeTarget "GooglePlacesAPIUITests" */;
			buildPhases = (
				E56DA40F5F5ABE6FCC73BE16 /* [CP] Check Pods Manifest.lock */,
				E4579FF92668D9D2002F0E1B /* Sources */,
				E4579FFA2668D9D2002F0E1B /* Frameworks */,
				E4579FFB2668D9D2002F0E1B /* Resources */,
			);
			buildRules = (
			);
			dependencies = (
				E4579FFF2668D9D2002F0E1B /* PBXTargetDependency */,
			);
			name = GooglePlacesAPIUITests;
			productName = GooglePlacesAPIUITests;
			productReference = E4579FFD2668D9D2002F0E1B /* GooglePlacesAPIUITests.xctest */;
			productType = "com.apple.product-type.bundle.ui-testing";
		};
/* End PBXNativeTarget section */

/* Begin PBXProject section */
		E4579FD42668D9CE002F0E1B /* Project object */ = {
			isa = PBXProject;
			attributes = {
				LastSwiftUpdateCheck = 1230;
				LastUpgradeCheck = 1230;
				TargetAttributes = {
					E4579FDB2668D9CF002F0E1B = {
						CreatedOnToolsVersion = 12.3;
					};
					E4579FF12668D9D2002F0E1B = {
						CreatedOnToolsVersion = 12.3;
						TestTargetID = E4579FDB2668D9CF002F0E1B;
					};
					E4579FFC2668D9D2002F0E1B = {
						CreatedOnToolsVersion = 12.3;
						TestTargetID = E4579FDB2668D9CF002F0E1B;
					};
				};
			};
			buildConfigurationList = E4579FD72668D9CE002F0E1B /* Build configuration list for PBXProject "GooglePlacesAPI" */;
			compatibilityVersion = "Xcode 9.3";
			developmentRegion = en;
			hasScannedForEncodings = 0;
			knownRegions = (
				en,
				Base,
			);
			mainGroup = E4579FD32668D9CE002F0E1B;
			productRefGroup = E4579FDD2668D9CF002F0E1B /* Products */;
			projectDirPath = "";
			projectRoot = "";
			targets = (
				E4579FDB2668D9CF002F0E1B /* GooglePlacesAPI */,
				E4579FF12668D9D2002F0E1B /* GooglePlacesAPITests */,
				E4579FFC2668D9D2002F0E1B /* GooglePlacesAPIUITests */,
			);
		};
/* End PBXProject section */

/* Begin PBXResourcesBuildPhase section */
		E4579FDA2668D9CF002F0E1B /* Resources */ = {
			isa = PBXResourcesBuildPhase;
			buildActionMask = 2147483647;
			files = (
				E4579FEC2668D9D2002F0E1B /* LaunchScreen.storyboard in Resources */,
				E4579FE92668D9D2002F0E1B /* Assets.xcassets in Resources */,
				E4579FE72668D9CF002F0E1B /* Main.storyboard in Resources */,
			);
			runOnlyForDeploymentPostprocessing = 0;
		};
		E4579FF02668D9D2002F0E1B /* Resources */ = {
			isa = PBXResourcesBuildPhase;
			buildActionMask = 2147483647;
			files = (
			);
			runOnlyForDeploymentPostprocessing = 0;
		};
		E4579FFB2668D9D2002F0E1B /* Resources */ = {
			isa = PBXResourcesBuildPhase;
			buildActionMask = 2147483647;
			files = (
			);
			runOnlyForDeploymentPostprocessing = 0;
		};
/* End PBXResourcesBuildPhase section */

/* Begin PBXShellScriptBuildPhase section */
		0794C366D4760C4AC48E6CC1 /* [CP] Check Pods Manifest.lock */ = {
			isa = PBXShellScriptBuildPhase;
			buildActionMask = 2147483647;
			files = (
			);
			inputFileListPaths = (
			);
			inputPaths = (
				"${PODS_PODFILE_DIR_PATH}/Podfile.lock",
				"${PODS_ROOT}/Manifest.lock",
			);
			name = "[CP] Check Pods Manifest.lock";
			outputFileListPaths = (
			);
			outputPaths = (
				"$(DERIVED_FILE_DIR)/Pods-GooglePlacesAPITests-checkManifestLockResult.txt",
			);
			runOnlyForDeploymentPostprocessing = 0;
			shellPath = /bin/sh;
			shellScript = "diff \"${PODS_PODFILE_DIR_PATH}/Podfile.lock\" \"${PODS_ROOT}/Manifest.lock\" > /dev/null\nif [ $? != 0 ] ; then\n    # print error to STDERR\n    echo \"error: The sandbox is not in sync with the Podfile.lock. Run 'pod install' or update your CocoaPods installation.\" >&2\n    exit 1\nfi\n# This output is used by Xcode 'outputs' to avoid re-running this script phase.\necho \"SUCCESS\" > \"${SCRIPT_OUTPUT_FILE_0}\"\n";
			showEnvVarsInLog = 0;
		};
		41E22BC40ED4DC49959974BD /* [CP] Check Pods Manifest.lock */ = {
			isa = PBXShellScriptBuildPhase;
			buildActionMask = 2147483647;
			files = (
			);
			inputFileListPaths = (
			);
			inputPaths = (
				"${PODS_PODFILE_DIR_PATH}/Podfile.lock",
				"${PODS_ROOT}/Manifest.lock",
			);
			name = "[CP] Check Pods Manifest.lock";
			outputFileListPaths = (
			);
			outputPaths = (
				"$(DERIVED_FILE_DIR)/Pods-GooglePlacesAPI-checkManifestLockResult.txt",
			);
			runOnlyForDeploymentPostprocessing = 0;
			shellPath = /bin/sh;
			shellScript = "diff \"${PODS_PODFILE_DIR_PATH}/Podfile.lock\" \"${PODS_ROOT}/Manifest.lock\" > /dev/null\nif [ $? != 0 ] ; then\n    # print error to STDERR\n    echo \"error: The sandbox is not in sync with the Podfile.lock. Run 'pod install' or update your CocoaPods installation.\" >&2\n    exit 1\nfi\n# This output is used by Xcode 'outputs' to avoid re-running this script phase.\necho \"SUCCESS\" > \"${SCRIPT_OUTPUT_FILE_0}\"\n";
			showEnvVarsInLog = 0;
		};
		E56DA40F5F5ABE6FCC73BE16 /* [CP] Check Pods Manifest.lock */ = {
			isa = PBXShellScriptBuildPhase;
			buildActionMask = 2147483647;
			files = (
			);
			inputFileListPaths = (
			);
			inputPaths = (
				"${PODS_PODFILE_DIR_PATH}/Podfile.lock",
				"${PODS_ROOT}/Manifest.lock",
			);
			name = "[CP] Check Pods Manifest.lock";
			outputFileListPaths = (
			);
			outputPaths = (
				"$(DERIVED_FILE_DIR)/Pods-GooglePlacesAPI-GooglePlacesAPIUITests-checkManifestLockResult.txt",
			);
			runOnlyForDeploymentPostprocessing = 0;
			shellPath = /bin/sh;
			shellScript = "diff \"${PODS_PODFILE_DIR_PATH}/Podfile.lock\" \"${PODS_ROOT}/Manifest.lock\" > /dev/null\nif [ $? != 0 ] ; then\n    # print error to STDERR\n    echo \"error: The sandbox is not in sync with the Podfile.lock. Run 'pod install' or update your CocoaPods installation.\" >&2\n    exit 1\nfi\n# This output is used by Xcode 'outputs' to avoid re-running this script phase.\necho \"SUCCESS\" > \"${SCRIPT_OUTPUT_FILE_0}\"\n";
			showEnvVarsInLog = 0;
		};
/* End PBXShellScriptBuildPhase section */

/* Begin PBXSourcesBuildPhase section */
		E4579FD82668D9CF002F0E1B /* Sources */ = {
			isa = PBXSourcesBuildPhase;
			buildActionMask = 2147483647;
			files = (
				E457A093266931E3002F0E1B /* PredictionViewVM.swift in Sources */,
				E457A0222668DCFB002F0E1B /* GoogleAutocompleteVC.swift in Sources */,
				E4579FE02668D9CF002F0E1B /* AppDelegate.swift in Sources */,
				E457A07A26691C8C002F0E1B /* URLSession+.swift in Sources */,
				E457A06626690E00002F0E1B /* Constraints.swift in Sources */,
				E457A05C266900FF002F0E1B /* UIViewController+.swift in Sources */,
				E457A07526691724002F0E1B /* APIHandler.swift in Sources */,
				E457A05726690022002F0E1B /* UIView+.swift in Sources */,
				E457A04E2668FD72002F0E1B /* RootViewController.swift in Sources */,
				E457A0492668F7CE002F0E1B /* GoogleAutocompleteVM.swift in Sources */,
				E457A06126690B5C002F0E1B /* UITextField+.swift in Sources */,
				E457A08E2669258E002F0E1B /* UIStackView+.swift in Sources */,
				E4579FE22668D9CF002F0E1B /* SceneDelegate.swift in Sources */,
				E457A08026691CC1002F0E1B /* Prediction.swift in Sources */,
				E457A0402668F747002F0E1B /* AppConstants.swift in Sources */,
				E457A089266923BF002F0E1B /* PredictionView.swift in Sources */,
			);
			runOnlyForDeploymentPostprocessing = 0;
		};
		E4579FEE2668D9D2002F0E1B /* Sources */ = {
			isa = PBXSourcesBuildPhase;
			buildActionMask = 2147483647;
			files = (
				E4579FF72668D9D2002F0E1B /* GooglePlacesAPITests.swift in Sources */,
			);
			runOnlyForDeploymentPostprocessing = 0;
		};
		E4579FF92668D9D2002F0E1B /* Sources */ = {
			isa = PBXSourcesBuildPhase;
			buildActionMask = 2147483647;
			files = (
				E457A0022668D9D2002F0E1B /* GooglePlacesAPIUITests.swift in Sources */,
			);
			runOnlyForDeploymentPostprocessing = 0;
		};
/* End PBXSourcesBuildPhase section */

/* Begin PBXTargetDependency section */
		E4579FF42668D9D2002F0E1B /* PBXTargetDependency */ = {
			isa = PBXTargetDependency;
			target = E4579FDB2668D9CF002F0E1B /* GooglePlacesAPI */;
			targetProxy = E4579FF32668D9D2002F0E1B /* PBXContainerItemProxy */;
		};
		E4579FFF2668D9D2002F0E1B /* PBXTargetDependency */ = {
			isa = PBXTargetDependency;
			target = E4579FDB2668D9CF002F0E1B /* GooglePlacesAPI */;
			targetProxy = E4579FFE2668D9D2002F0E1B /* PBXContainerItemProxy */;
		};
/* End PBXTargetDependency section */

/* Begin PBXVariantGroup section */
		E4579FE52668D9CF002F0E1B /* Main.storyboard */ = {
			isa = PBXVariantGroup;
			children = (
				E4579FE62668D9CF002F0E1B /* Base */,
			);
			name = Main.storyboard;
			sourceTree = "<group>";
		};
		E4579FEA2668D9D2002F0E1B /* LaunchScreen.storyboard */ = {
			isa = PBXVariantGroup;
			children = (
				E4579FEB2668D9D2002F0E1B /* Base */,
			);
			name = LaunchScreen.storyboard;
			sourceTree = "<group>";
		};
/* End PBXVariantGroup section */

/* Begin XCBuildConfiguration section */
		E457A0042668D9D2002F0E1B /* Debug */ = {
			isa = XCBuildConfiguration;
			buildSettings = {
				ALWAYS_SEARCH_USER_PATHS = NO;
				CLANG_ANALYZER_NONNULL = YES;
				CLANG_ANALYZER_NUMBER_OBJECT_CONVERSION = YES_AGGRESSIVE;
				CLANG_CXX_LANGUAGE_STANDARD = "gnu++14";
				CLANG_CXX_LIBRARY = "libc++";
				CLANG_ENABLE_MODULES = YES;
				CLANG_ENABLE_OBJC_ARC = YES;
				CLANG_ENABLE_OBJC_WEAK = YES;
				CLANG_WARN_BLOCK_CAPTURE_AUTORELEASING = YES;
				CLANG_WARN_BOOL_CONVERSION = YES;
				CLANG_WARN_COMMA = YES;
				CLANG_WARN_CONSTANT_CONVERSION = YES;
				CLANG_WARN_DEPRECATED_OBJC_IMPLEMENTATIONS = YES;
				CLANG_WARN_DIRECT_OBJC_ISA_USAGE = YES_ERROR;
				CLANG_WARN_DOCUMENTATION_COMMENTS = YES;
				CLANG_WARN_EMPTY_BODY = YES;
				CLANG_WARN_ENUM_CONVERSION = YES;
				CLANG_WARN_INFINITE_RECURSION = YES;
				CLANG_WARN_INT_CONVERSION = YES;
				CLANG_WARN_NON_LITERAL_NULL_CONVERSION = YES;
				CLANG_WARN_OBJC_IMPLICIT_RETAIN_SELF = YES;
				CLANG_WARN_OBJC_LITERAL_CONVERSION = YES;
				CLANG_WARN_OBJC_ROOT_CLASS = YES_ERROR;
				CLANG_WARN_QUOTED_INCLUDE_IN_FRAMEWORK_HEADER = YES;
				CLANG_WARN_RANGE_LOOP_ANALYSIS = YES;
				CLANG_WARN_STRICT_PROTOTYPES = YES;
				CLANG_WARN_SUSPICIOUS_MOVE = YES;
				CLANG_WARN_UNGUARDED_AVAILABILITY = YES_AGGRESSIVE;
				CLANG_WARN_UNREACHABLE_CODE = YES;
				CLANG_WARN__DUPLICATE_METHOD_MATCH = YES;
				COPY_PHASE_STRIP = NO;
				DEBUG_INFORMATION_FORMAT = dwarf;
				ENABLE_STRICT_OBJC_MSGSEND = YES;
				ENABLE_TESTABILITY = YES;
				GCC_C_LANGUAGE_STANDARD = gnu11;
				GCC_DYNAMIC_NO_PIC = NO;
				GCC_NO_COMMON_BLOCKS = YES;
				GCC_OPTIMIZATION_LEVEL = 0;
				GCC_PREPROCESSOR_DEFINITIONS = (
					"DEBUG=1",
					"$(inherited)",
				);
				GCC_WARN_64_TO_32_BIT_CONVERSION = YES;
				GCC_WARN_ABOUT_RETURN_TYPE = YES_ERROR;
				GCC_WARN_UNDECLARED_SELECTOR = YES;
				GCC_WARN_UNINITIALIZED_AUTOS = YES_AGGRESSIVE;
				GCC_WARN_UNUSED_FUNCTION = YES;
				GCC_WARN_UNUSED_VARIABLE = YES;
				IPHONEOS_DEPLOYMENT_TARGET = 14.3;
				MTL_ENABLE_DEBUG_INFO = INCLUDE_SOURCE;
				MTL_FAST_MATH = YES;
				ONLY_ACTIVE_ARCH = YES;
				SDKROOT = iphoneos;
				SWIFT_ACTIVE_COMPILATION_CONDITIONS = DEBUG;
				SWIFT_OPTIMIZATION_LEVEL = "-Onone";
			};
			name = Debug;
		};
		E457A0052668D9D2002F0E1B /* Release */ = {
			isa = XCBuildConfiguration;
			buildSettings = {
				ALWAYS_SEARCH_USER_PATHS = NO;
				CLANG_ANALYZER_NONNULL = YES;
				CLANG_ANALYZER_NUMBER_OBJECT_CONVERSION = YES_AGGRESSIVE;
				CLANG_CXX_LANGUAGE_STANDARD = "gnu++14";
				CLANG_CXX_LIBRARY = "libc++";
				CLANG_ENABLE_MODULES = YES;
				CLANG_ENABLE_OBJC_ARC = YES;
				CLANG_ENABLE_OBJC_WEAK = YES;
				CLANG_WARN_BLOCK_CAPTURE_AUTORELEASING = YES;
				CLANG_WARN_BOOL_CONVERSION = YES;
				CLANG_WARN_COMMA = YES;
				CLANG_WARN_CONSTANT_CONVERSION = YES;
				CLANG_WARN_DEPRECATED_OBJC_IMPLEMENTATIONS = YES;
				CLANG_WARN_DIRECT_OBJC_ISA_USAGE = YES_ERROR;
				CLANG_WARN_DOCUMENTATION_COMMENTS = YES;
				CLANG_WARN_EMPTY_BODY = YES;
				CLANG_WARN_ENUM_CONVERSION = YES;
				CLANG_WARN_INFINITE_RECURSION = YES;
				CLANG_WARN_INT_CONVERSION = YES;
				CLANG_WARN_NON_LITERAL_NULL_CONVERSION = YES;
				CLANG_WARN_OBJC_IMPLICIT_RETAIN_SELF = YES;
				CLANG_WARN_OBJC_LITERAL_CONVERSION = YES;
				CLANG_WARN_OBJC_ROOT_CLASS = YES_ERROR;
				CLANG_WARN_QUOTED_INCLUDE_IN_FRAMEWORK_HEADER = YES;
				CLANG_WARN_RANGE_LOOP_ANALYSIS = YES;
				CLANG_WARN_STRICT_PROTOTYPES = YES;
				CLANG_WARN_SUSPICIOUS_MOVE = YES;
				CLANG_WARN_UNGUARDED_AVAILABILITY = YES_AGGRESSIVE;
				CLANG_WARN_UNREACHABLE_CODE = YES;
				CLANG_WARN__DUPLICATE_METHOD_MATCH = YES;
				COPY_PHASE_STRIP = NO;
				DEBUG_INFORMATION_FORMAT = "dwarf-with-dsym";
				ENABLE_NS_ASSERTIONS = NO;
				ENABLE_STRICT_OBJC_MSGSEND = YES;
				GCC_C_LANGUAGE_STANDARD = gnu11;
				GCC_NO_COMMON_BLOCKS = YES;
				GCC_WARN_64_TO_32_BIT_CONVERSION = YES;
				GCC_WARN_ABOUT_RETURN_TYPE = YES_ERROR;
				GCC_WARN_UNDECLARED_SELECTOR = YES;
				GCC_WARN_UNINITIALIZED_AUTOS = YES_AGGRESSIVE;
				GCC_WARN_UNUSED_FUNCTION = YES;
				GCC_WARN_UNUSED_VARIABLE = YES;
				IPHONEOS_DEPLOYMENT_TARGET = 14.3;
				MTL_ENABLE_DEBUG_INFO = NO;
				MTL_FAST_MATH = YES;
				SDKROOT = iphoneos;
				SWIFT_COMPILATION_MODE = wholemodule;
				SWIFT_OPTIMIZATION_LEVEL = "-O";
				VALIDATE_PRODUCT = YES;
			};
			name = Release;
		};
		E457A0072668D9D2002F0E1B /* Debug */ = {
			isa = XCBuildConfiguration;
			baseConfigurationReference = F97A8285C5A7D7D2B110F42D /* Pods-GooglePlacesAPI.debug.xcconfig */;
			buildSettings = {
				ASSETCATALOG_COMPILER_APPICON_NAME = AppIcon;
				ASSETCATALOG_COMPILER_GLOBAL_ACCENT_COLOR_NAME = AccentColor;
				CODE_SIGN_STYLE = Automatic;
				DEVELOPMENT_TEAM = TP6XY6379Z;
				INFOPLIST_FILE = GooglePlacesAPI/Info.plist;
				LD_RUNPATH_SEARCH_PATHS = (
					"$(inherited)",
					"@executable_path/Frameworks",
				);
				PRODUCT_BUNDLE_IDENTIFIER = com.GooglePlacesAPI;
				PRODUCT_NAME = "$(TARGET_NAME)";
				SWIFT_VERSION = 5.0;
				TARGETED_DEVICE_FAMILY = "1,2";
			};
			name = Debug;
		};
		E457A0082668D9D2002F0E1B /* Release */ = {
			isa = XCBuildConfiguration;
			baseConfigurationReference = 45CAAC79642D3E6857676F07 /* Pods-GooglePlacesAPI.release.xcconfig */;
			buildSettings = {
				ASSETCATALOG_COMPILER_APPICON_NAME = AppIcon;
				ASSETCATALOG_COMPILER_GLOBAL_ACCENT_COLOR_NAME = AccentColor;
				CODE_SIGN_STYLE = Automatic;
				DEVELOPMENT_TEAM = TP6XY6379Z;
				INFOPLIST_FILE = GooglePlacesAPI/Info.plist;
				LD_RUNPATH_SEARCH_PATHS = (
					"$(inherited)",
					"@executable_path/Frameworks",
				);
				PRODUCT_BUNDLE_IDENTIFIER = com.GooglePlacesAPI;
				PRODUCT_NAME = "$(TARGET_NAME)";
				SWIFT_VERSION = 5.0;
				TARGETED_DEVICE_FAMILY = "1,2";
			};
			name = Release;
		};
		E457A00A2668D9D2002F0E1B /* Debug */ = {
			isa = XCBuildConfiguration;
			baseConfigurationReference = AD2DC050DE3669068274AFFF /* Pods-GooglePlacesAPITests.debug.xcconfig */;
			buildSettings = {
				ALWAYS_EMBED_SWIFT_STANDARD_LIBRARIES = YES;
				BUNDLE_LOADER = "$(TEST_HOST)";
				CODE_SIGN_STYLE = Automatic;
				DEVELOPMENT_TEAM = TP6XY6379Z;
				INFOPLIST_FILE = GooglePlacesAPITests/Info.plist;
				IPHONEOS_DEPLOYMENT_TARGET = 14.3;
				LD_RUNPATH_SEARCH_PATHS = (
					"$(inherited)",
					"@executable_path/Frameworks",
					"@loader_path/Frameworks",
				);
				PRODUCT_BUNDLE_IDENTIFIER = com.GooglePlacesAPITests;
				PRODUCT_NAME = "$(TARGET_NAME)";
				SWIFT_VERSION = 5.0;
				TARGETED_DEVICE_FAMILY = "1,2";
				TEST_HOST = "$(BUILT_PRODUCTS_DIR)/GooglePlacesAPI.app/GooglePlacesAPI";
			};
			name = Debug;
		};
		E457A00B2668D9D2002F0E1B /* Release */ = {
			isa = XCBuildConfiguration;
			baseConfigurationReference = 085E55CF07B142EDB7A1AA8D /* Pods-GooglePlacesAPITests.release.xcconfig */;
			buildSettings = {
				ALWAYS_EMBED_SWIFT_STANDARD_LIBRARIES = YES;
				BUNDLE_LOADER = "$(TEST_HOST)";
				CODE_SIGN_STYLE = Automatic;
				DEVELOPMENT_TEAM = TP6XY6379Z;
				INFOPLIST_FILE = GooglePlacesAPITests/Info.plist;
				IPHONEOS_DEPLOYMENT_TARGET = 14.3;
				LD_RUNPATH_SEARCH_PATHS = (
					"$(inherited)",
					"@executable_path/Frameworks",
					"@loader_path/Frameworks",
				);
				PRODUCT_BUNDLE_IDENTIFIER = com.GooglePlacesAPITests;
				PRODUCT_NAME = "$(TARGET_NAME)";
				SWIFT_VERSION = 5.0;
				TARGETED_DEVICE_FAMILY = "1,2";
				TEST_HOST = "$(BUILT_PRODUCTS_DIR)/GooglePlacesAPI.app/GooglePlacesAPI";
			};
			name = Release;
		};
		E457A00D2668D9D2002F0E1B /* Debug */ = {
			isa = XCBuildConfiguration;
			baseConfigurationReference = AE4265013BCD23CFE7C96407 /* Pods-GooglePlacesAPI-GooglePlacesAPIUITests.debug.xcconfig */;
			buildSettings = {
				ALWAYS_EMBED_SWIFT_STANDARD_LIBRARIES = YES;
				CODE_SIGN_STYLE = Automatic;
				DEVELOPMENT_TEAM = TP6XY6379Z;
				INFOPLIST_FILE = GooglePlacesAPIUITests/Info.plist;
				LD_RUNPATH_SEARCH_PATHS = (
					"$(inherited)",
					"@executable_path/Frameworks",
					"@loader_path/Frameworks",
				);
				PRODUCT_BUNDLE_IDENTIFIER = com.GooglePlacesAPIUITests;
				PRODUCT_NAME = "$(TARGET_NAME)";
				SWIFT_VERSION = 5.0;
				TARGETED_DEVICE_FAMILY = "1,2";
				TEST_TARGET_NAME = GooglePlacesAPI;
			};
			name = Debug;
		};
		E457A00E2668D9D2002F0E1B /* Release */ = {
			isa = XCBuildConfiguration;
			baseConfigurationReference = DC82BA2B26582097F4BBED3F /* Pods-GooglePlacesAPI-GooglePlacesAPIUITests.release.xcconfig */;
			buildSettings = {
				ALWAYS_EMBED_SWIFT_STANDARD_LIBRARIES = YES;
				CODE_SIGN_STYLE = Automatic;
				DEVELOPMENT_TEAM = TP6XY6379Z;
				INFOPLIST_FILE = GooglePlacesAPIUITests/Info.plist;
				LD_RUNPATH_SEARCH_PATHS = (
					"$(inherited)",
					"@executable_path/Frameworks",
					"@loader_path/Frameworks",
				);
				PRODUCT_BUNDLE_IDENTIFIER = com.GooglePlacesAPIUITests;
				PRODUCT_NAME = "$(TARGET_NAME)";
				SWIFT_VERSION = 5.0;
				TARGETED_DEVICE_FAMILY = "1,2";
				TEST_TARGET_NAME = GooglePlacesAPI;
			};
			name = Release;
		};
/* End XCBuildConfiguration section */

/* Begin XCConfigurationList section */
		E4579FD72668D9CE002F0E1B /* Build configuration list for PBXProject "GooglePlacesAPI" */ = {
			isa = XCConfigurationList;
			buildConfigurations = (
				E457A0042668D9D2002F0E1B /* Debug */,
				E457A0052668D9D2002F0E1B /* Release */,
			);
			defaultConfigurationIsVisible = 0;
			defaultConfigurationName = Release;
		};
		E457A0062668D9D2002F0E1B /* Build configuration list for PBXNativeTarget "GooglePlacesAPI" */ = {
			isa = XCConfigurationList;
			buildConfigurations = (
				E457A0072668D9D2002F0E1B /* Debug */,
				E457A0082668D9D2002F0E1B /* Release */,
			);
			defaultConfigurationIsVisible = 0;
			defaultConfigurationName = Release;
		};
		E457A0092668D9D2002F0E1B /* Build configuration list for PBXNativeTarget "GooglePlacesAPITests" */ = {
			isa = XCConfigurationList;
			buildConfigurations = (
				E457A00A2668D9D2002F0E1B /* Debug */,
				E457A00B2668D9D2002F0E1B /* Release */,
			);
			defaultConfigurationIsVisible = 0;
			defaultConfigurationName = Release;
		};
		E457A00C2668D9D2002F0E1B /* Build configuration list for PBXNativeTarget "GooglePlacesAPIUITests" */ = {
			isa = XCConfigurationList;
			buildConfigurations = (
				E457A00D2668D9D2002F0E1B /* Debug */,
				E457A00E2668D9D2002F0E1B /* Release */,
			);
			defaultConfigurationIsVisible = 0;
			defaultConfigurationName = Release;
		};
/* End XCConfigurationList section */
	};
	rootObject = E4579FD42668D9CE002F0E1B /* Project object */;
}
